
Microsoft Visual Studio Solution File, Format Version 12.00
# Visual Studio Version 17
VisualStudioVersion = 17.13.35828.75
MinimumVisualStudioVersion = 10.0.40219.1
Project("{FAE04EC0-301F-11D3-BF4B-00C04F79EFBC}") = "StyleMateApp", "StyleMateApp.csproj", "{B03FD79C-08AB-46FB-B605-ADD68B25CE14}"
EndProject
Project("{FAE04EC0-301F-11D3-BF4B-00C04F79EFBC}") = "StyleMateAPI", "..\StyleMate.API\StyleMateAPI.csproj", "{50061B92-98F5-484B-810C-A57FA24C92EE}"
EndProject
Global
	GlobalSection(SolutionConfigurationPlatforms) = preSolution
		Debug|Any CPU = Debug|Any CPU
		Release|Any CPU = Release|Any CPU
	EndGlobalSection
	GlobalSection(ProjectConfigurationPlatforms) = postSolution
		{B03FD79C-08AB-46FB-B605-ADD68B25CE14}.Debug|Any CPU.ActiveCfg = Debug|Any CPU
		{B03FD79C-08AB-46FB-B605-ADD68B25CE14}.Debug|Any CPU.Build.0 = Debug|Any CPU
		{B03FD79C-08AB-46FB-B605-ADD68B25CE14}.Debug|Any CPU.Deploy.0 = Debug|Any CPU
		{B03FD79C-08AB-46FB-B605-ADD68B25CE14}.Release|Any CPU.ActiveCfg = Release|Any CPU
		{B03FD79C-08AB-46FB-B605-ADD68B25CE14}.Release|Any CPU.Build.0 = Release|Any CPU
		{B03FD79C-08AB-46FB-B605-ADD68B25CE14}.Release|Any CPU.Deploy.0 = Release|Any CPU
		{50061B92-98F5-484B-810C-A57FA24C92EE}.Debug|Any CPU.ActiveCfg = Debug|Any CPU
		{50061B92-98F5-484B-810C-A57FA24C92EE}.Debug|Any CPU.Build.0 = Debug|Any CPU
		{50061B92-98F5-484B-810C-A57FA24C92EE}.Release|Any CPU.ActiveCfg = Release|Any CPU
		{50061B92-98F5-484B-810C-A57FA24C92EE}.Release|Any CPU.Build.0 = Release|Any CPU
	EndGlobalSection
	GlobalSection(SolutionProperties) = preSolution
		HideSolutionNode = FALSE
	EndGlobalSection
	GlobalSection(ExtensibilityGlobals) = postSolution
		SolutionGuid = {E844F6CF-E679-423E-A756-7E1511CD7F07}
	EndGlobalSection
EndGlobal
